
Microsoft Visual Studio Solution File, Format Version 12.00
# Visual Studio Version 17
VisualStudioVersion = 17.14.36414.22
MinimumVisualStudioVersion = 10.0.40219.1
Project("{FAE04EC0-301F-11D3-BF4B-00C04F79EFBC}") = "ElorMAUI", "ElorMAUI.csproj", "{5376984A-C43B-4B7B-979D-688A93512006}"
EndProject
Global
	GlobalSection(SolutionConfigurationPlatforms) = preSolution
		Debug|Any CPU = Debug|Any CPU
		Release|Any CPU = Release|Any CPU
	EndGlobalSection
	GlobalSection(ProjectConfigurationPlatforms) = postSolution
		{5376984A-C43B-4B7B-979D-688A93512006}.Debug|Any CPU.ActiveCfg = Debug|Any CPU
		{5376984A-C43B-4B7B-979D-688A93512006}.Debug|Any CPU.Build.0 = Debug|Any CPU
		{5376984A-C43B-4B7B-979D-688A93512006}.Debug|Any CPU.Deploy.0 = Debug|Any CPU
		{5376984A-C43B-4B7B-979D-688A93512006}.Release|Any CPU.ActiveCfg = Release|Any CPU
		{5376984A-C43B-4B7B-979D-688A93512006}.Release|Any CPU.Build.0 = Release|Any CPU
		{5376984A-C43B-4B7B-979D-688A93512006}.Release|Any CPU.Deploy.0 = Release|Any CPU
	EndGlobalSection
	GlobalSection(SolutionProperties) = preSolution
		HideSolutionNode = FALSE
	EndGlobalSection
	GlobalSection(ExtensibilityGlobals) = postSolution
		SolutionGuid = {7CB4B69F-BD09-4729-A396-EBA1B4FD6D5A}
	EndGlobalSection
EndGlobal
